
Microsoft Visual Studio Solution File, Format Version 12.00
# Visual Studio 15
VisualStudioVersion = 15.0.27703.2042
MinimumVisualStudioVersion = 10.0.40219.1
Project("{FAE04EC0-301F-11D3-BF4B-00C04F79EFBC}") = "controlApplication", "controlApplication\controlApplication.csproj", "{650A9251-56B1-4546-8147-334BAF0607FA}"
EndProject
Global
	GlobalSection(SolutionConfigurationPlatforms) = preSolution
		Debug|Any CPU = Debug|Any CPU
		Release|Any CPU = Release|Any CPU
	EndGlobalSection
	GlobalSection(ProjectConfigurationPlatforms) = postSolution
		{650A9251-56B1-4546-8147-334BAF0607FA}.Debug|Any CPU.ActiveCfg = Debug|Any CPU
		{650A9251-56B1-4546-8147-334BAF0607FA}.Debug|Any CPU.Build.0 = Debug|Any CPU
		{650A9251-56B1-4546-8147-334BAF0607FA}.Release|Any CPU.ActiveCfg = Release|Any CPU
		{650A9251-56B1-4546-8147-334BAF0607FA}.Release|Any CPU.Build.0 = Release|Any CPU
	EndGlobalSection
	GlobalSection(SolutionProperties) = preSolution
		HideSolutionNode = FALSE
	EndGlobalSection
	GlobalSection(ExtensibilityGlobals) = postSolution
		SolutionGuid = {5A1BDF80-79FD-4AFB-A3A8-62D2E498AC0A}
	EndGlobalSection
EndGlobal
